
Microsoft Visual Studio Solution File, Format Version 12.00
# Visual Studio 15
Project("{2150E333-8FDC-42A3-9474-1A3956D46DE8}") = "API", "API", "{C311F77F-FB28-446A-99A9-0F524A604D57}"
EndProject
Project("{2150E333-8FDC-42A3-9474-1A3956D46DE8}") = "GUI", "GUI", "{91333698-CF11-4BD1-B250-6E1B86D6230E}"
EndProject
Project("{2150E333-8FDC-42A3-9474-1A3956D46DE8}") = "Tests", "Tests", "{C454603D-E77E-4395-87C4-1BAF20B3E5B5}"
EndProject
Project("{FAE04EC0-301F-11D3-BF4B-00C04F79EFBC}") = "ControlYourFridge.WebApplication", "ControlYourFridge.WebApplication\ControlYourFridge.WebApplication.csproj", "{29762DEB-B16B-4469-8279-41DEF3BC15C9}"
EndProject
Project("{FAE04EC0-301F-11D3-BF4B-00C04F79EFBC}") = "ControlYourFridge.Api", "ControlYourFridge.Api\ControlYourFridge.Api.csproj", "{D3BDCF38-ABB5-431B-92C4-613880E69A44}"
EndProject
Project("{FAE04EC0-301F-11D3-BF4B-00C04F79EFBC}") = "ControlYourFridge.Tests", "ControlYourFridge.Tests\ControlYourFridge.Tests.csproj", "{6A34EF02-B3A7-4313-829B-E48DA8D8F2EC}"
EndProject
Global
	GlobalSection(SolutionConfigurationPlatforms) = preSolution
		Debug|Any CPU = Debug|Any CPU
		Release|Any CPU = Release|Any CPU
	EndGlobalSection
	GlobalSection(ProjectConfigurationPlatforms) = postSolution
		{29762DEB-B16B-4469-8279-41DEF3BC15C9}.Debug|Any CPU.ActiveCfg = Debug|Any CPU
		{29762DEB-B16B-4469-8279-41DEF3BC15C9}.Debug|Any CPU.Build.0 = Debug|Any CPU
		{29762DEB-B16B-4469-8279-41DEF3BC15C9}.Release|Any CPU.ActiveCfg = Release|Any CPU
		{29762DEB-B16B-4469-8279-41DEF3BC15C9}.Release|Any CPU.Build.0 = Release|Any CPU
		{D3BDCF38-ABB5-431B-92C4-613880E69A44}.Debug|Any CPU.ActiveCfg = Debug|Any CPU
		{D3BDCF38-ABB5-431B-92C4-613880E69A44}.Debug|Any CPU.Build.0 = Debug|Any CPU
		{D3BDCF38-ABB5-431B-92C4-613880E69A44}.Release|Any CPU.ActiveCfg = Release|Any CPU
		{D3BDCF38-ABB5-431B-92C4-613880E69A44}.Release|Any CPU.Build.0 = Release|Any CPU
		{6A34EF02-B3A7-4313-829B-E48DA8D8F2EC}.Debug|Any CPU.ActiveCfg = Debug|Any CPU
		{6A34EF02-B3A7-4313-829B-E48DA8D8F2EC}.Debug|Any CPU.Build.0 = Debug|Any CPU
		{6A34EF02-B3A7-4313-829B-E48DA8D8F2EC}.Release|Any CPU.ActiveCfg = Release|Any CPU
		{6A34EF02-B3A7-4313-829B-E48DA8D8F2EC}.Release|Any CPU.Build.0 = Release|Any CPU
	EndGlobalSection
	GlobalSection(NestedProjects) = preSolution
		{29762DEB-B16B-4469-8279-41DEF3BC15C9} = {91333698-CF11-4BD1-B250-6E1B86D6230E}
		{D3BDCF38-ABB5-431B-92C4-613880E69A44} = {C311F77F-FB28-446A-99A9-0F524A604D57}
		{6A34EF02-B3A7-4313-829B-E48DA8D8F2EC} = {C454603D-E77E-4395-87C4-1BAF20B3E5B5}
	EndGlobalSection
EndGlobal
